// !$*UTF8*$!
{
	archiveVersion = 1;
	classes = {
	};
	objectVersion = 56;
	objects = {

/* Begin PBXBuildFile section */
		0D1B8B862B5989640084FA2F /* hikeApp.swift in Sources */ = {isa = PBXBuildFile; fileRef = 0D1B8B852B5989640084FA2F /* hikeApp.swift */; };
		0D1B8B882B5989640084FA2F /* ContentView.swift in Sources */ = {isa = PBXBuildFile; fileRef = 0D1B8B872B5989640084FA2F /* ContentView.swift */; };
		0D1B8B8A2B5989650084FA2F /* Assets.xcassets in Resources */ = {isa = PBXBuildFile; fileRef = 0D1B8B892B5989650084FA2F /* Assets.xcassets */; };
		0D1B8B8D2B5989650084FA2F /* Preview Assets.xcassets in Resources */ = {isa = PBXBuildFile; fileRef = 0D1B8B8C2B5989650084FA2F /* Preview Assets.xcassets */; };
		0D1B8B972B5989650084FA2F /* hikeTests.swift in Sources */ = {isa = PBXBuildFile; fileRef = 0D1B8B962B5989650084FA2F /* hikeTests.swift */; };
		0D1B8BA12B5989650084FA2F /* hikeUITests.swift in Sources */ = {isa = PBXBuildFile; fileRef = 0D1B8BA02B5989650084FA2F /* hikeUITests.swift */; };
		0D1B8BA32B5989650084FA2F /* hikeUITestsLaunchTests.swift in Sources */ = {isa = PBXBuildFile; fileRef = 0D1B8BA22B5989650084FA2F /* hikeUITestsLaunchTests.swift */; };
		0D1B8BC22B598DA30084FA2F /* CardView.swift in Sources */ = {isa = PBXBuildFile; fileRef = 0D1B8BC12B598DA30084FA2F /* CardView.swift */; };
		0D1B8BC32B598DA30084FA2F /* CardView.swift in Sources */ = {isa = PBXBuildFile; fileRef = 0D1B8BC12B598DA30084FA2F /* CardView.swift */; };
		0D1B8BC62B5990200084FA2F /* CustomBackground.swift in Sources */ = {isa = PBXBuildFile; fileRef = 0D1B8BC52B5990200084FA2F /* CustomBackground.swift */; };
		0D1B8BC72B5990200084FA2F /* CustomBackground.swift in Sources */ = {isa = PBXBuildFile; fileRef = 0D1B8BC52B5990200084FA2F /* CustomBackground.swift */; };
		0D1B8BCA2B5994DE0084FA2F /* ColorExtension.swift in Sources */ = {isa = PBXBuildFile; fileRef = 0D1B8BC92B5994DE0084FA2F /* ColorExtension.swift */; };
		0D1B8BCB2B5994DE0084FA2F /* ColorExtension.swift in Sources */ = {isa = PBXBuildFile; fileRef = 0D1B8BC92B5994DE0084FA2F /* ColorExtension.swift */; };
		0D1B8BCD2B599F430084FA2F /* CustomButton.swift in Sources */ = {isa = PBXBuildFile; fileRef = 0D1B8BCC2B599F430084FA2F /* CustomButton.swift */; };
		0D1B8BCE2B599F430084FA2F /* CustomButton.swift in Sources */ = {isa = PBXBuildFile; fileRef = 0D1B8BCC2B599F430084FA2F /* CustomButton.swift */; };
		0D1B8BD02B59A9A20084FA2F /* CustomButtonStyle.swift in Sources */ = {isa = PBXBuildFile; fileRef = 0D1B8BCF2B59A9A20084FA2F /* CustomButtonStyle.swift */; };
		0D1B8BD12B59A9A20084FA2F /* CustomButtonStyle.swift in Sources */ = {isa = PBXBuildFile; fileRef = 0D1B8BCF2B59A9A20084FA2F /* CustomButtonStyle.swift */; };
		0D5F6C0F2B5D0F9500896577 /* CustomCircle.swift in Sources */ = {isa = PBXBuildFile; fileRef = 0D5F6C0E2B5D0F9500896577 /* CustomCircle.swift */; };
		0D5F6C112B5D1BA100896577 /* MotionCirclesViews.swift in Sources */ = {isa = PBXBuildFile; fileRef = 0D5F6C102B5D1BA100896577 /* MotionCirclesViews.swift */; };
		0DC684522B5ED8BC00445682 /* SettingsView.swift in Sources */ = {isa = PBXBuildFile; fileRef = 0DC684512B5ED8BC00445682 /* SettingsView.swift */; };
		0DF7F9162B669F6500C7494D /* CustomLabeledContent.swift in Sources */ = {isa = PBXBuildFile; fileRef = 0DF7F9152B669F6500C7494D /* CustomLabeledContent.swift */; };
/* End PBXBuildFile section */

/* Begin PBXContainerItemProxy section */
		0D1B8B932B5989650084FA2F /* PBXContainerItemProxy */ = {
			isa = PBXContainerItemProxy;
			containerPortal = 0D1B8B7A2B5989640084FA2F /* Project object */;
			proxyType = 1;
			remoteGlobalIDString = 0D1B8B812B5989640084FA2F;
			remoteInfo = hike;
		};
		0D1B8B9D2B5989650084FA2F /* PBXContainerItemProxy */ = {
			isa = PBXContainerItemProxy;
			containerPortal = 0D1B8B7A2B5989640084FA2F /* Project object */;
			proxyType = 1;
			remoteGlobalIDString = 0D1B8B812B5989640084FA2F;
			remoteInfo = hike;
		};
/* End PBXContainerItemProxy section */

/* Begin PBXFileReference section */
		0D1B8B822B5989640084FA2F /* hike.app */ = {isa = PBXFileReference; explicitFileType = wrapper.application; includeInIndex = 0; path = hike.app; sourceTree = BUILT_PRODUCTS_DIR; };
		0D1B8B852B5989640084FA2F /* hikeApp.swift */ = {isa = PBXFileReference; lastKnownFileType = sourcecode.swift; path = hikeApp.swift; sourceTree = "<group>"; };
		0D1B8B872B5989640084FA2F /* ContentView.swift */ = {isa = PBXFileReference; lastKnownFileType = sourcecode.swift; path = ContentView.swift; sourceTree = "<group>"; };
		0D1B8B892B5989650084FA2F /* Assets.xcassets */ = {isa = PBXFileReference; lastKnownFileType = folder.assetcatalog; path = Assets.xcassets; sourceTree = "<group>"; };
		0D1B8B8C2B5989650084FA2F /* Preview Assets.xcassets */ = {isa = PBXFileReference; lastKnownFileType = folder.assetcatalog; path = "Preview Assets.xcassets"; sourceTree = "<group>"; };
		0D1B8B922B5989650084FA2F /* hikeTests.xctest */ = {isa = PBXFileReference; explicitFileType = wrapper.cfbundle; includeInIndex = 0; path = hikeTests.xctest; sourceTree = BUILT_PRODUCTS_DIR; };
		0D1B8B962B5989650084FA2F /* hikeTests.swift */ = {isa = PBXFileReference; lastKnownFileType = sourcecode.swift; path = hikeTests.swift; sourceTree = "<group>"; };
		0D1B8B9C2B5989650084FA2F /* hikeUITests.xctest */ = {isa = PBXFileReference; explicitFileType = wrapper.cfbundle; includeInIndex = 0; path = hikeUITests.xctest; sourceTree = BUILT_PRODUCTS_DIR; };
		0D1B8BA02B5989650084FA2F /* hikeUITests.swift */ = {isa = PBXFileReference; lastKnownFileType = sourcecode.swift; path = hikeUITests.swift; sourceTree = "<group>"; };
		0D1B8BA22B5989650084FA2F /* hikeUITestsLaunchTests.swift */ = {isa = PBXFileReference; lastKnownFileType = sourcecode.swift; path = hikeUITestsLaunchTests.swift; sourceTree = "<group>"; };
		0D1B8BC12B598DA30084FA2F /* CardView.swift */ = {isa = PBXFileReference; lastKnownFileType = sourcecode.swift; path = CardView.swift; sourceTree = "<group>"; };
		0D1B8BC52B5990200084FA2F /* CustomBackground.swift */ = {isa = PBXFileReference; lastKnownFileType = sourcecode.swift; path = CustomBackground.swift; sourceTree = "<group>"; };
		0D1B8BC92B5994DE0084FA2F /* ColorExtension.swift */ = {isa = PBXFileReference; lastKnownFileType = sourcecode.swift; path = ColorExtension.swift; sourceTree = "<group>"; };
		0D1B8BCC2B599F430084FA2F /* CustomButton.swift */ = {isa = PBXFileReference; lastKnownFileType = sourcecode.swift; path = CustomButton.swift; sourceTree = "<group>"; };
		0D1B8BCF2B59A9A20084FA2F /* CustomButtonStyle.swift */ = {isa = PBXFileReference; lastKnownFileType = sourcecode.swift; path = CustomButtonStyle.swift; sourceTree = "<group>"; };
		0D5F6C0E2B5D0F9500896577 /* CustomCircle.swift */ = {isa = PBXFileReference; lastKnownFileType = sourcecode.swift; path = CustomCircle.swift; sourceTree = "<group>"; };
		0D5F6C102B5D1BA100896577 /* MotionCirclesViews.swift */ = {isa = PBXFileReference; lastKnownFileType = sourcecode.swift; path = MotionCirclesViews.swift; sourceTree = "<group>"; };
		0DC684512B5ED8BC00445682 /* SettingsView.swift */ = {isa = PBXFileReference; lastKnownFileType = sourcecode.swift; path = SettingsView.swift; sourceTree = "<group>"; };
		0DF7F9152B669F6500C7494D /* CustomLabeledContent.swift */ = {isa = PBXFileReference; lastKnownFileType = sourcecode.swift; path = CustomLabeledContent.swift; sourceTree = "<group>"; };
/* End PBXFileReference section */

/* Begin PBXFrameworksBuildPhase section */
		0D1B8B7F2B5989640084FA2F /* Frameworks */ = {
			isa = PBXFrameworksBuildPhase;
			buildActionMask = 2147483647;
			files = (
			);
			runOnlyForDeploymentPostprocessing = 0;
		};
		0D1B8B8F2B5989650084FA2F /* Frameworks */ = {
			isa = PBXFrameworksBuildPhase;
			buildActionMask = 2147483647;
			files = (
			);
			runOnlyForDeploymentPostprocessing = 0;
		};
		0D1B8B992B5989650084FA2F /* Frameworks */ = {
			isa = PBXFrameworksBuildPhase;
			buildActionMask = 2147483647;
			files = (
			);
			runOnlyForDeploymentPostprocessing = 0;
		};
/* End PBXFrameworksBuildPhase section */

/* Begin PBXGroup section */
		0D1B8B792B5989640084FA2F = {
			isa = PBXGroup;
			children = (
				0D1B8B842B5989640084FA2F /* hike */,
				0D1B8B952B5989650084FA2F /* hikeTests */,
				0D1B8B9F2B5989650084FA2F /* hikeUITests */,
				0D1B8B832B5989640084FA2F /* Products */,
			);
			sourceTree = "<group>";
		};
		0D1B8B832B5989640084FA2F /* Products */ = {
			isa = PBXGroup;
			children = (
				0D1B8B822B5989640084FA2F /* hike.app */,
				0D1B8B922B5989650084FA2F /* hikeTests.xctest */,
				0D1B8B9C2B5989650084FA2F /* hikeUITests.xctest */,
			);
			name = Products;
			sourceTree = "<group>";
		};
		0D1B8B842B5989640084FA2F /* hike */ = {
			isa = PBXGroup;
			children = (
				0D1B8BC82B5994600084FA2F /* Utility */,
				0D1B8B852B5989640084FA2F /* hikeApp.swift */,
				0DC684502B5ED89100445682 /* Screens */,
				0D1B8B892B5989650084FA2F /* Assets.xcassets */,
				0D1B8B8B2B5989650084FA2F /* Preview Content */,
				0D1B8BC42B5990040084FA2F /* Components */,
			);
			path = hike;
			sourceTree = "<group>";
		};
		0D1B8B8B2B5989650084FA2F /* Preview Content */ = {
			isa = PBXGroup;
			children = (
				0D1B8B8C2B5989650084FA2F /* Preview Assets.xcassets */,
			);
			path = "Preview Content";
			sourceTree = "<group>";
		};
		0D1B8B952B5989650084FA2F /* hikeTests */ = {
			isa = PBXGroup;
			children = (
				0D1B8B962B5989650084FA2F /* hikeTests.swift */,
			);
			path = hikeTests;
			sourceTree = "<group>";
		};
		0D1B8B9F2B5989650084FA2F /* hikeUITests */ = {
			isa = PBXGroup;
			children = (
				0D1B8BA02B5989650084FA2F /* hikeUITests.swift */,
				0D1B8BA22B5989650084FA2F /* hikeUITestsLaunchTests.swift */,
			);
			path = hikeUITests;
			sourceTree = "<group>";
		};
		0D1B8BC42B5990040084FA2F /* Components */ = {
			isa = PBXGroup;
			children = (
				0D1B8BC12B598DA30084FA2F /* CardView.swift */,
				0D1B8BC52B5990200084FA2F /* CustomBackground.swift */,
				0D1B8BCC2B599F430084FA2F /* CustomButton.swift */,
				0D5F6C0E2B5D0F9500896577 /* CustomCircle.swift */,
				0D5F6C102B5D1BA100896577 /* MotionCirclesViews.swift */,
				0DF7F9152B669F6500C7494D /* CustomLabeledContent.swift */,
			);
			path = Components;
			sourceTree = "<group>";
		};
		0D1B8BC82B5994600084FA2F /* Utility */ = {
			isa = PBXGroup;
			children = (
				0D1B8BC92B5994DE0084FA2F /* ColorExtension.swift */,
				0D1B8BCF2B59A9A20084FA2F /* CustomButtonStyle.swift */,
			);
			path = Utility;
			sourceTree = "<group>";
		};
		0DC684502B5ED89100445682 /* Screens */ = {
			isa = PBXGroup;
			children = (
				0D1B8B872B5989640084FA2F /* ContentView.swift */,
				0DC684512B5ED8BC00445682 /* SettingsView.swift */,
			);
			path = Screens;
			sourceTree = "<group>";
		};
/* End PBXGroup section */

/* Begin PBXNativeTarget section */
		0D1B8B812B5989640084FA2F /* hike */ = {
			isa = PBXNativeTarget;
			buildConfigurationList = 0D1B8BA62B5989650084FA2F /* Build configuration list for PBXNativeTarget "hike" */;
			buildPhases = (
				0D1B8B7E2B5989640084FA2F /* Sources */,
				0D1B8B7F2B5989640084FA2F /* Frameworks */,
				0D1B8B802B5989640084FA2F /* Resources */,
			);
			buildRules = (
			);
			dependencies = (
			);
			name = hike;
			productName = hike;
			productReference = 0D1B8B822B5989640084FA2F /* hike.app */;
			productType = "com.apple.product-type.application";
		};
		0D1B8B912B5989650084FA2F /* hikeTests */ = {
			isa = PBXNativeTarget;
			buildConfigurationList = 0D1B8BA92B5989650084FA2F /* Build configuration list for PBXNativeTarget "hikeTests" */;
			buildPhases = (
				0D1B8B8E2B5989650084FA2F /* Sources */,
				0D1B8B8F2B5989650084FA2F /* Frameworks */,
				0D1B8B902B5989650084FA2F /* Resources */,
			);
			buildRules = (
			);
			dependencies = (
				0D1B8B942B5989650084FA2F /* PBXTargetDependency */,
			);
			name = hikeTests;
			productName = hikeTests;
			productReference = 0D1B8B922B5989650084FA2F /* hikeTests.xctest */;
			productType = "com.apple.product-type.bundle.unit-test";
		};
		0D1B8B9B2B5989650084FA2F /* hikeUITests */ = {
			isa = PBXNativeTarget;
			buildConfigurationList = 0D1B8BAC2B5989650084FA2F /* Build configuration list for PBXNativeTarget "hikeUITests" */;
			buildPhases = (
				0D1B8B982B5989650084FA2F /* Sources */,
				0D1B8B992B5989650084FA2F /* Frameworks */,
				0D1B8B9A2B5989650084FA2F /* Resources */,
			);
			buildRules = (
			);
			dependencies = (
				0D1B8B9E2B5989650084FA2F /* PBXTargetDependency */,
			);
			name = hikeUITests;
			productName = hikeUITests;
			productReference = 0D1B8B9C2B5989650084FA2F /* hikeUITests.xctest */;
			productType = "com.apple.product-type.bundle.ui-testing";
		};
/* End PBXNativeTarget section */

/* Begin PBXProject section */
		0D1B8B7A2B5989640084FA2F /* Project object */ = {
			isa = PBXProject;
			attributes = {
				BuildIndependentTargetsInParallel = 1;
				LastSwiftUpdateCheck = 1500;
				LastUpgradeCheck = 1500;
				TargetAttributes = {
					0D1B8B812B5989640084FA2F = {
						CreatedOnToolsVersion = 15.0;
					};
					0D1B8B912B5989650084FA2F = {
						CreatedOnToolsVersion = 15.0;
						TestTargetID = 0D1B8B812B5989640084FA2F;
					};
					0D1B8B9B2B5989650084FA2F = {
						CreatedOnToolsVersion = 15.0;
						TestTargetID = 0D1B8B812B5989640084FA2F;
					};
				};
			};
			buildConfigurationList = 0D1B8B7D2B5989640084FA2F /* Build configuration list for PBXProject "hike" */;
			compatibilityVersion = "Xcode 14.0";
			developmentRegion = en;
			hasScannedForEncodings = 0;
			knownRegions = (
				en,
				Base,
			);
			mainGroup = 0D1B8B792B5989640084FA2F;
			productRefGroup = 0D1B8B832B5989640084FA2F /* Products */;
			projectDirPath = "";
			projectRoot = "";
			targets = (
				0D1B8B812B5989640084FA2F /* hike */,
				0D1B8B912B5989650084FA2F /* hikeTests */,
				0D1B8B9B2B5989650084FA2F /* hikeUITests */,
			);
		};
/* End PBXProject section */

/* Begin PBXResourcesBuildPhase section */
		0D1B8B802B5989640084FA2F /* Resources */ = {
			isa = PBXResourcesBuildPhase;
			buildActionMask = 2147483647;
			files = (
				0D1B8B8D2B5989650084FA2F /* Preview Assets.xcassets in Resources */,
				0D1B8B8A2B5989650084FA2F /* Assets.xcassets in Resources */,
			);
			runOnlyForDeploymentPostprocessing = 0;
		};
		0D1B8B902B5989650084FA2F /* Resources */ = {
			isa = PBXResourcesBuildPhase;
			buildActionMask = 2147483647;
			files = (
			);
			runOnlyForDeploymentPostprocessing = 0;
		};
		0D1B8B9A2B5989650084FA2F /* Resources */ = {
			isa = PBXResourcesBuildPhase;
			buildActionMask = 2147483647;
			files = (
			);
			runOnlyForDeploymentPostprocessing = 0;
		};
/* End PBXResourcesBuildPhase section */

/* Begin PBXSourcesBuildPhase section */
		0D1B8B7E2B5989640084FA2F /* Sources */ = {
			isa = PBXSourcesBuildPhase;
			buildActionMask = 2147483647;
			files = (
				0D1B8BCA2B5994DE0084FA2F /* ColorExtension.swift in Sources */,
				0D1B8BC62B5990200084FA2F /* CustomBackground.swift in Sources */,
				0D5F6C0F2B5D0F9500896577 /* CustomCircle.swift in Sources */,
				0D1B8BCD2B599F430084FA2F /* CustomButton.swift in Sources */,
				0D1B8B882B5989640084FA2F /* ContentView.swift in Sources */,
				0DC684522B5ED8BC00445682 /* SettingsView.swift in Sources */,
				0D1B8BC22B598DA30084FA2F /* CardView.swift in Sources */,
				0D5F6C112B5D1BA100896577 /* MotionCirclesViews.swift in Sources */,
				0D1B8BD02B59A9A20084FA2F /* CustomButtonStyle.swift in Sources */,
				0DF7F9162B669F6500C7494D /* CustomLabeledContent.swift in Sources */,
				0D1B8B862B5989640084FA2F /* hikeApp.swift in Sources */,
			);
			runOnlyForDeploymentPostprocessing = 0;
		};
		0D1B8B8E2B5989650084FA2F /* Sources */ = {
			isa = PBXSourcesBuildPhase;
			buildActionMask = 2147483647;
			files = (
				0D1B8B972B5989650084FA2F /* hikeTests.swift in Sources */,
			);
			runOnlyForDeploymentPostprocessing = 0;
		};
		0D1B8B982B5989650084FA2F /* Sources */ = {
			isa = PBXSourcesBuildPhase;
			buildActionMask = 2147483647;
			files = (
				0D1B8BCB2B5994DE0084FA2F /* ColorExtension.swift in Sources */,
				0D1B8BC72B5990200084FA2F /* CustomBackground.swift in Sources */,
				0D1B8BCE2B599F430084FA2F /* CustomButton.swift in Sources */,
				0D1B8BA12B5989650084FA2F /* hikeUITests.swift in Sources */,
				0D1B8BC32B598DA30084FA2F /* CardView.swift in Sources */,
				0D1B8BD12B59A9A20084FA2F /* CustomButtonStyle.swift in Sources */,
				0D1B8BA32B5989650084FA2F /* hikeUITestsLaunchTests.swift in Sources */,
			);
			runOnlyForDeploymentPostprocessing = 0;
		};
/* End PBXSourcesBuildPhase section */

/* Begin PBXTargetDependency section */
		0D1B8B942B5989650084FA2F /* PBXTargetDependency */ = {
			isa = PBXTargetDependency;
			target = 0D1B8B812B5989640084FA2F /* hike */;
			targetProxy = 0D1B8B932B5989650084FA2F /* PBXContainerItemProxy */;
		};
		0D1B8B9E2B5989650084FA2F /* PBXTargetDependency */ = {
			isa = PBXTargetDependency;
			target = 0D1B8B812B5989640084FA2F /* hike */;
			targetProxy = 0D1B8B9D2B5989650084FA2F /* PBXContainerItemProxy */;
		};
/* End PBXTargetDependency section */

/* Begin XCBuildConfiguration section */
		0D1B8BA42B5989650084FA2F /* Debug */ = {
			isa = XCBuildConfiguration;
			buildSettings = {
				ALWAYS_SEARCH_USER_PATHS = NO;
				ASSETCATALOG_COMPILER_GENERATE_SWIFT_ASSET_SYMBOL_EXTENSIONS = YES;
				CLANG_ANALYZER_NONNULL = YES;
				CLANG_ANALYZER_NUMBER_OBJECT_CONVERSION = YES_AGGRESSIVE;
				CLANG_CXX_LANGUAGE_STANDARD = "gnu++20";
				CLANG_ENABLE_MODULES = YES;
				CLANG_ENABLE_OBJC_ARC = YES;
				CLANG_ENABLE_OBJC_WEAK = YES;
				CLANG_WARN_BLOCK_CAPTURE_AUTORELEASING = YES;
				CLANG_WARN_BOOL_CONVERSION = YES;
				CLANG_WARN_COMMA = YES;
				CLANG_WARN_CONSTANT_CONVERSION = YES;
				CLANG_WARN_DEPRECATED_OBJC_IMPLEMENTATIONS = YES;
				CLANG_WARN_DIRECT_OBJC_ISA_USAGE = YES_ERROR;
				CLANG_WARN_DOCUMENTATION_COMMENTS = YES;
				CLANG_WARN_EMPTY_BODY = YES;
				CLANG_WARN_ENUM_CONVERSION = YES;
				CLANG_WARN_INFINITE_RECURSION = YES;
				CLANG_WARN_INT_CONVERSION = YES;
				CLANG_WARN_NON_LITERAL_NULL_CONVERSION = YES;
				CLANG_WARN_OBJC_IMPLICIT_RETAIN_SELF = YES;
				CLANG_WARN_OBJC_LITERAL_CONVERSION = YES;
				CLANG_WARN_OBJC_ROOT_CLASS = YES_ERROR;
				CLANG_WARN_QUOTED_INCLUDE_IN_FRAMEWORK_HEADER = YES;
				CLANG_WARN_RANGE_LOOP_ANALYSIS = YES;
				CLANG_WARN_STRICT_PROTOTYPES = YES;
				CLANG_WARN_SUSPICIOUS_MOVE = YES;
				CLANG_WARN_UNGUARDED_AVAILABILITY = YES_AGGRESSIVE;
				CLANG_WARN_UNREACHABLE_CODE = YES;
				CLANG_WARN__DUPLICATE_METHOD_MATCH = YES;
				COPY_PHASE_STRIP = NO;
				DEBUG_INFORMATION_FORMAT = dwarf;
				ENABLE_STRICT_OBJC_MSGSEND = YES;
				ENABLE_TESTABILITY = YES;
				ENABLE_USER_SCRIPT_SANDBOXING = YES;
				GCC_C_LANGUAGE_STANDARD = gnu17;
				GCC_DYNAMIC_NO_PIC = NO;
				GCC_NO_COMMON_BLOCKS = YES;
				GCC_OPTIMIZATION_LEVEL = 0;
				GCC_PREPROCESSOR_DEFINITIONS = (
					"DEBUG=1",
					"$(inherited)",
				);
				GCC_WARN_64_TO_32_BIT_CONVERSION = YES;
				GCC_WARN_ABOUT_RETURN_TYPE = YES_ERROR;
				GCC_WARN_UNDECLARED_SELECTOR = YES;
				GCC_WARN_UNINITIALIZED_AUTOS = YES_AGGRESSIVE;
				GCC_WARN_UNUSED_FUNCTION = YES;
				GCC_WARN_UNUSED_VARIABLE = YES;
				IPHONEOS_DEPLOYMENT_TARGET = 17.0;
				LOCALIZATION_PREFERS_STRING_CATALOGS = YES;
				MTL_ENABLE_DEBUG_INFO = INCLUDE_SOURCE;
				MTL_FAST_MATH = YES;
				ONLY_ACTIVE_ARCH = YES;
				SDKROOT = iphoneos;
				SWIFT_ACTIVE_COMPILATION_CONDITIONS = "DEBUG $(inherited)";
				SWIFT_OPTIMIZATION_LEVEL = "-Onone";
			};
			name = Debug;
		};
		0D1B8BA52B5989650084FA2F /* Release */ = {
			isa = XCBuildConfiguration;
			buildSettings = {
				ALWAYS_SEARCH_USER_PATHS = NO;
				ASSETCATALOG_COMPILER_GENERATE_SWIFT_ASSET_SYMBOL_EXTENSIONS = YES;
				CLANG_ANALYZER_NONNULL = YES;
				CLANG_ANALYZER_NUMBER_OBJECT_CONVERSION = YES_AGGRESSIVE;
				CLANG_CXX_LANGUAGE_STANDARD = "gnu++20";
				CLANG_ENABLE_MODULES = YES;
				CLANG_ENABLE_OBJC_ARC = YES;
				CLANG_ENABLE_OBJC_WEAK = YES;
				CLANG_WARN_BLOCK_CAPTURE_AUTORELEASING = YES;
				CLANG_WARN_BOOL_CONVERSION = YES;
				CLANG_WARN_COMMA = YES;
				CLANG_WARN_CONSTANT_CONVERSION = YES;
				CLANG_WARN_DEPRECATED_OBJC_IMPLEMENTATIONS = YES;
				CLANG_WARN_DIRECT_OBJC_ISA_USAGE = YES_ERROR;
				CLANG_WARN_DOCUMENTATION_COMMENTS = YES;
				CLANG_WARN_EMPTY_BODY = YES;
				CLANG_WARN_ENUM_CONVERSION = YES;
				CLANG_WARN_INFINITE_RECURSION = YES;
				CLANG_WARN_INT_CONVERSION = YES;
				CLANG_WARN_NON_LITERAL_NULL_CONVERSION = YES;
				CLANG_WARN_OBJC_IMPLICIT_RETAIN_SELF = YES;
				CLANG_WARN_OBJC_LITERAL_CONVERSION = YES;
				CLANG_WARN_OBJC_ROOT_CLASS = YES_ERROR;
				CLANG_WARN_QUOTED_INCLUDE_IN_FRAMEWORK_HEADER = YES;
				CLANG_WARN_RANGE_LOOP_ANALYSIS = YES;
				CLANG_WARN_STRICT_PROTOTYPES = YES;
				CLANG_WARN_SUSPICIOUS_MOVE = YES;
				CLANG_WARN_UNGUARDED_AVAILABILITY = YES_AGGRESSIVE;
				CLANG_WARN_UNREACHABLE_CODE = YES;
				CLANG_WARN__DUPLICATE_METHOD_MATCH = YES;
				COPY_PHASE_STRIP = NO;
				DEBUG_INFORMATION_FORMAT = "dwarf-with-dsym";
				ENABLE_NS_ASSERTIONS = NO;
				ENABLE_STRICT_OBJC_MSGSEND = YES;
				ENABLE_USER_SCRIPT_SANDBOXING = YES;
				GCC_C_LANGUAGE_STANDARD = gnu17;
				GCC_NO_COMMON_BLOCKS = YES;
				GCC_WARN_64_TO_32_BIT_CONVERSION = YES;
				GCC_WARN_ABOUT_RETURN_TYPE = YES_ERROR;
				GCC_WARN_UNDECLARED_SELECTOR = YES;
				GCC_WARN_UNINITIALIZED_AUTOS = YES_AGGRESSIVE;
				GCC_WARN_UNUSED_FUNCTION = YES;
				GCC_WARN_UNUSED_VARIABLE = YES;
				IPHONEOS_DEPLOYMENT_TARGET = 17.0;
				LOCALIZATION_PREFERS_STRING_CATALOGS = YES;
				MTL_ENABLE_DEBUG_INFO = NO;
				MTL_FAST_MATH = YES;
				SDKROOT = iphoneos;
				SWIFT_COMPILATION_MODE = wholemodule;
				VALIDATE_PRODUCT = YES;
			};
			name = Release;
		};
		0D1B8BA72B5989650084FA2F /* Debug */ = {
			isa = XCBuildConfiguration;
			buildSettings = {
				ASSETCATALOG_COMPILER_APPICON_NAME = AppIcon;
				ASSETCATALOG_COMPILER_GLOBAL_ACCENT_COLOR_NAME = AccentColor;
				CODE_SIGN_STYLE = Automatic;
				CURRENT_PROJECT_VERSION = 1;
				DEVELOPMENT_ASSET_PATHS = "\"hike/Preview Content\"";
				ENABLE_PREVIEWS = YES;
				GENERATE_INFOPLIST_FILE = YES;
				INFOPLIST_KEY_UIApplicationSceneManifest_Generation = YES;
				INFOPLIST_KEY_UIApplicationSupportsIndirectInputEvents = YES;
				INFOPLIST_KEY_UILaunchScreen_Generation = YES;
				INFOPLIST_KEY_UISupportedInterfaceOrientations_iPad = "UIInterfaceOrientationPortrait UIInterfaceOrientationPortraitUpsideDown UIInterfaceOrientationLandscapeLeft UIInterfaceOrientationLandscapeRight";
				INFOPLIST_KEY_UISupportedInterfaceOrientations_iPhone = "UIInterfaceOrientationPortrait UIInterfaceOrientationLandscapeLeft UIInterfaceOrientationLandscapeRight";
				LD_RUNPATH_SEARCH_PATHS = (
					"$(inherited)",
					"@executable_path/Frameworks",
				);
				MARKETING_VERSION = 1.0;
				PRODUCT_BUNDLE_IDENTIFIER = com.tutoial.itwolf.hike;
				PRODUCT_NAME = "$(TARGET_NAME)";
				SWIFT_EMIT_LOC_STRINGS = YES;
				SWIFT_VERSION = 5.0;
				TARGETED_DEVICE_FAMILY = "1,2";
			};
			name = Debug;
		};
		0D1B8BA82B5989650084FA2F /* Release */ = {
			isa = XCBuildConfiguration;
			buildSettings = {
				ASSETCATALOG_COMPILER_APPICON_NAME = AppIcon;
				ASSETCATALOG_COMPILER_GLOBAL_ACCENT_COLOR_NAME = AccentColor;
				CODE_SIGN_STYLE = Automatic;
				CURRENT_PROJECT_VERSION = 1;
				DEVELOPMENT_ASSET_PATHS = "\"hike/Preview Content\"";
				ENABLE_PREVIEWS = YES;
				GENERATE_INFOPLIST_FILE = YES;
				INFOPLIST_KEY_UIApplicationSceneManifest_Generation = YES;
				INFOPLIST_KEY_UIApplicationSupportsIndirectInputEvents = YES;
				INFOPLIST_KEY_UILaunchScreen_Generation = YES;
				INFOPLIST_KEY_UISupportedInterfaceOrientations_iPad = "UIInterfaceOrientationPortrait UIInterfaceOrientationPortraitUpsideDown UIInterfaceOrientationLandscapeLeft UIInterfaceOrientationLandscapeRight";
				INFOPLIST_KEY_UISupportedInterfaceOrientations_iPhone = "UIInterfaceOrientationPortrait UIInterfaceOrientationLandscapeLeft UIInterfaceOrientationLandscapeRight";
				LD_RUNPATH_SEARCH_PATHS = (
					"$(inherited)",
					"@executable_path/Frameworks",
				);
				MARKETING_VERSION = 1.0;
				PRODUCT_BUNDLE_IDENTIFIER = com.tutoial.itwolf.hike;
				PRODUCT_NAME = "$(TARGET_NAME)";
				SWIFT_EMIT_LOC_STRINGS = YES;
				SWIFT_VERSION = 5.0;
				TARGETED_DEVICE_FAMILY = "1,2";
			};
			name = Release;
		};
		0D1B8BAA2B5989650084FA2F /* Debug */ = {
			isa = XCBuildConfiguration;
			buildSettings = {
				ALWAYS_EMBED_SWIFT_STANDARD_LIBRARIES = YES;
				BUNDLE_LOADER = "$(TEST_HOST)";
				CODE_SIGN_STYLE = Automatic;
				CURRENT_PROJECT_VERSION = 1;
				GENERATE_INFOPLIST_FILE = YES;
				IPHONEOS_DEPLOYMENT_TARGET = 17.0;
				MARKETING_VERSION = 1.0;
				PRODUCT_BUNDLE_IDENTIFIER = com.tutoial.itwolf.hikeTests;
				PRODUCT_NAME = "$(TARGET_NAME)";
				SWIFT_EMIT_LOC_STRINGS = NO;
				SWIFT_VERSION = 5.0;
				TARGETED_DEVICE_FAMILY = "1,2";
				TEST_HOST = "$(BUILT_PRODUCTS_DIR)/hike.app/$(BUNDLE_EXECUTABLE_FOLDER_PATH)/hike";
			};
			name = Debug;
		};
		0D1B8BAB2B5989650084FA2F /* Release */ = {
			isa = XCBuildConfiguration;
			buildSettings = {
				ALWAYS_EMBED_SWIFT_STANDARD_LIBRARIES = YES;
				BUNDLE_LOADER = "$(TEST_HOST)";
				CODE_SIGN_STYLE = Automatic;
				CURRENT_PROJECT_VERSION = 1;
				GENERATE_INFOPLIST_FILE = YES;
				IPHONEOS_DEPLOYMENT_TARGET = 17.0;
				MARKETING_VERSION = 1.0;
				PRODUCT_BUNDLE_IDENTIFIER = com.tutoial.itwolf.hikeTests;
				PRODUCT_NAME = "$(TARGET_NAME)";
				SWIFT_EMIT_LOC_STRINGS = NO;
				SWIFT_VERSION = 5.0;
				TARGETED_DEVICE_FAMILY = "1,2";
				TEST_HOST = "$(BUILT_PRODUCTS_DIR)/hike.app/$(BUNDLE_EXECUTABLE_FOLDER_PATH)/hike";
			};
			name = Release;
		};
		0D1B8BAD2B5989650084FA2F /* Debug */ = {
			isa = XCBuildConfiguration;
			buildSettings = {
				ALWAYS_EMBED_SWIFT_STANDARD_LIBRARIES = YES;
				CODE_SIGN_STYLE = Automatic;
				CURRENT_PROJECT_VERSION = 1;
				GENERATE_INFOPLIST_FILE = YES;
				MARKETING_VERSION = 1.0;
				PRODUCT_BUNDLE_IDENTIFIER = com.tutoial.itwolf.hikeUITests;
				PRODUCT_NAME = "$(TARGET_NAME)";
				SWIFT_EMIT_LOC_STRINGS = NO;
				SWIFT_VERSION = 5.0;
				TARGETED_DEVICE_FAMILY = "1,2";
				TEST_TARGET_NAME = hike;
			};
			name = Debug;
		};
		0D1B8BAE2B5989650084FA2F /* Release */ = {
			isa = XCBuildConfiguration;
			buildSettings = {
				ALWAYS_EMBED_SWIFT_STANDARD_LIBRARIES = YES;
				CODE_SIGN_STYLE = Automatic;
				CURRENT_PROJECT_VERSION = 1;
				GENERATE_INFOPLIST_FILE = YES;
				MARKETING_VERSION = 1.0;
				PRODUCT_BUNDLE_IDENTIFIER = com.tutoial.itwolf.hikeUITests;
				PRODUCT_NAME = "$(TARGET_NAME)";
				SWIFT_EMIT_LOC_STRINGS = NO;
				SWIFT_VERSION = 5.0;
				TARGETED_DEVICE_FAMILY = "1,2";
				TEST_TARGET_NAME = hike;
			};
			name = Release;
		};
/* End XCBuildConfiguration section */

/* Begin XCConfigurationList section */
		0D1B8B7D2B5989640084FA2F /* Build configuration list for PBXProject "hike" */ = {
			isa = XCConfigurationList;
			buildConfigurations = (
				0D1B8BA42B5989650084FA2F /* Debug */,
				0D1B8BA52B5989650084FA2F /* Release */,
			);
			defaultConfigurationIsVisible = 0;
			defaultConfigurationName = Release;
		};
		0D1B8BA62B5989650084FA2F /* Build configuration list for PBXNativeTarget "hike" */ = {
			isa = XCConfigurationList;
			buildConfigurations = (
				0D1B8BA72B5989650084FA2F /* Debug */,
				0D1B8BA82B5989650084FA2F /* Release */,
			);
			defaultConfigurationIsVisible = 0;
			defaultConfigurationName = Release;
		};
		0D1B8BA92B5989650084FA2F /* Build configuration list for PBXNativeTarget "hikeTests" */ = {
			isa = XCConfigurationList;
			buildConfigurations = (
				0D1B8BAA2B5989650084FA2F /* Debug */,
				0D1B8BAB2B5989650084FA2F /* Release */,
			);
			defaultConfigurationIsVisible = 0;
			defaultConfigurationName = Release;
		};
		0D1B8BAC2B5989650084FA2F /* Build configuration list for PBXNativeTarget "hikeUITests" */ = {
			isa = XCConfigurationList;
			buildConfigurations = (
				0D1B8BAD2B5989650084FA2F /* Debug */,
				0D1B8BAE2B5989650084FA2F /* Release */,
			);
			defaultConfigurationIsVisible = 0;
			defaultConfigurationName = Release;
		};
/* End XCConfigurationList section */
	};
	rootObject = 0D1B8B7A2B5989640084FA2F /* Project object */;
}
